
Microsoft Visual Studio Solution File, Format Version 12.00
# Visual Studio Version 17
VisualStudioVersion = 17.12.35527.113 d17.12
MinimumVisualStudioVersion = 10.0.40219.1
Project("{FAE04EC0-301F-11D3-BF4B-00C04F79EFBC}") = "PublisherApp.MVC", "PublisherApp.MVC\PublisherApp.MVC\PublisherApp.MVC.csproj", "{50EF44E0-0588-4927-AEB9-E8273367BD4F}"
EndProject
Project("{FAE04EC0-301F-11D3-BF4B-00C04F79EFBC}") = "SubscriverApp.MVC", "SubscriverApp.MVC\SubscriverApp.MVC\SubscriverApp.MVC.csproj", "{CF7297D6-C242-493F-9980-28AEDF88EEC3}"
EndProject
Global
	GlobalSection(SolutionConfigurationPlatforms) = preSolution
		Debug|Any CPU = Debug|Any CPU
		Release|Any CPU = Release|Any CPU
	EndGlobalSection
	GlobalSection(ProjectConfigurationPlatforms) = postSolution
		{50EF44E0-0588-4927-AEB9-E8273367BD4F}.Debug|Any CPU.ActiveCfg = Debug|Any CPU
		{50EF44E0-0588-4927-AEB9-E8273367BD4F}.Debug|Any CPU.Build.0 = Debug|Any CPU
		{50EF44E0-0588-4927-AEB9-E8273367BD4F}.Release|Any CPU.ActiveCfg = Release|Any CPU
		{50EF44E0-0588-4927-AEB9-E8273367BD4F}.Release|Any CPU.Build.0 = Release|Any CPU
		{CF7297D6-C242-493F-9980-28AEDF88EEC3}.Debug|Any CPU.ActiveCfg = Debug|Any CPU
		{CF7297D6-C242-493F-9980-28AEDF88EEC3}.Debug|Any CPU.Build.0 = Debug|Any CPU
		{CF7297D6-C242-493F-9980-28AEDF88EEC3}.Release|Any CPU.ActiveCfg = Release|Any CPU
		{CF7297D6-C242-493F-9980-28AEDF88EEC3}.Release|Any CPU.Build.0 = Release|Any CPU
	EndGlobalSection
	GlobalSection(SolutionProperties) = preSolution
		HideSolutionNode = FALSE
	EndGlobalSection
EndGlobal
